// !$*UTF8*$!
{
	archiveVersion = 1;
	classes = {
	};
	objectVersion = 50;
	objects = {

/* Begin PBXBuildFile section */
		D7EA78B829F2419700C9E293 /* GitHubDemoApp.swift in Sources */ = {isa = PBXBuildFile; fileRef = D7EA78B729F2419700C9E293 /* GitHubDemoApp.swift */; };
		D7EA78BA29F2419700C9E293 /* MainViewswift in Sources */ = {isa = PBXBuildFile; fileRef = D7EA78B929F2419700C9E293 /* MainViewswift */; };
		D7EA78BC29F2419900C9E293 /* Assets.xcassets in Resources */ = {isa = PBXBuildFile; fileRef = D7EA78BB29F2419900C9E293 /* Assets.xcassets */; };
		D7EA78BF29F2419900C9E293 /* Preview Assets.xcassets in Resources */ = {isa = PBXBuildFile; fileRef = D7EA78BE29F2419900C9E293 /* Preview Assets.xcassets */; };
		D7EA78CA29F2419900C9E293 /* GitHubDemoTests.swift in Sources */ = {isa = PBXBuildFile; fileRef = D7EA78C929F2419900C9E293 /* GitHubDemoTests.swift */; };
		D7EA78D529F2419900C9E293 /* GitHubDemoUITests.swift in Sources */ = {isa = PBXBuildFile; fileRef = D7EA78D429F2419900C9E293 /* GitHubDemoUITests.swift */; };
		D7EA78E629F2492D00C9E293 /* SecondView.swift in Sources */ = {isa = PBXBuildFile; fileRef = D7EA78E529F2492D00C9E293 /* SecondView.swift */; };
/* End PBXBuildFile section */

/* Begin PBXContainerItemProxy section */
		D7EA78C629F2419900C9E293 /* PBXContainerItemProxy */ = {
			isa = PBXContainerItemProxy;
			containerPortal = D7EA78AC29F2419700C9E293 /* Project object */;
			proxyType = 1;
			remoteGlobalIDString = D7EA78B329F2419700C9E293;
			remoteInfo = GitHubDemo;
		};
		D7EA78D129F2419900C9E293 /* PBXContainerItemProxy */ = {
			isa = PBXContainerItemProxy;
			containerPortal = D7EA78AC29F2419700C9E293 /* Project object */;
			proxyType = 1;
			remoteGlobalIDString = D7EA78B329F2419700C9E293;
			remoteInfo = GitHubDemo;
		};
/* End PBXContainerItemProxy section */

/* Begin PBXFileReference section */
		D7EA78B429F2419700C9E293 /* GitHubDemo.app */ = {isa = PBXFileReference; explicitFileType = wrapper.application; includeInIndex = 0; path = GitHubDemo.app; sourceTree = BUILT_PRODUCTS_DIR; };
		D7EA78B729F2419700C9E293 /* GitHubDemoApp.swift */ = {isa = PBXFileReference; lastKnownFileType = sourcecode.swift; path = GitHubDemoApp.swift; sourceTree = "<group>"; };
		D7EA78B929F2419700C9E293 /* MainViewswift */ = {isa = PBXFileReference; lastKnownFileType = text; path = MainViewswift; sourceTree = "<group>"; };
		D7EA78BB29F2419900C9E293 /* Assets.xcassets */ = {isa = PBXFileReference; lastKnownFileType = folder.assetcatalog; path = Assets.xcassets; sourceTree = "<group>"; };
		D7EA78BE29F2419900C9E293 /* Preview Assets.xcassets */ = {isa = PBXFileReference; lastKnownFileType = folder.assetcatalog; path = "Preview Assets.xcassets"; sourceTree = "<group>"; };
		D7EA78C029F2419900C9E293 /* Info.plist */ = {isa = PBXFileReference; lastKnownFileType = text.plist.xml; path = Info.plist; sourceTree = "<group>"; };
		D7EA78C529F2419900C9E293 /* GitHubDemoTests.xctest */ = {isa = PBXFileReference; explicitFileType = wrapper.cfbundle; includeInIndex = 0; path = GitHubDemoTests.xctest; sourceTree = BUILT_PRODUCTS_DIR; };
		D7EA78C929F2419900C9E293 /* GitHubDemoTests.swift */ = {isa = PBXFileReference; lastKnownFileType = sourcecode.swift; path = GitHubDemoTests.swift; sourceTree = "<group>"; };
		D7EA78CB29F2419900C9E293 /* Info.plist */ = {isa = PBXFileReference; lastKnownFileType = text.plist.xml; path = Info.plist; sourceTree = "<group>"; };
		D7EA78D029F2419900C9E293 /* GitHubDemoUITests.xctest */ = {isa = PBXFileReference; explicitFileType = wrapper.cfbundle; includeInIndex = 0; path = GitHubDemoUITests.xctest; sourceTree = BUILT_PRODUCTS_DIR; };
		D7EA78D429F2419900C9E293 /* GitHubDemoUITests.swift */ = {isa = PBXFileReference; lastKnownFileType = sourcecode.swift; path = GitHubDemoUITests.swift; sourceTree = "<group>"; };
		D7EA78D629F2419900C9E293 /* Info.plist */ = {isa = PBXFileReference; lastKnownFileType = text.plist.xml; path = Info.plist; sourceTree = "<group>"; };
		D7EA78E529F2492D00C9E293 /* SecondView.swift */ = {isa = PBXFileReference; lastKnownFileType = sourcecode.swift; path = SecondView.swift; sourceTree = "<group>"; };
/* End PBXFileReference section */

/* Begin PBXFrameworksBuildPhase section */
		D7EA78B129F2419700C9E293 /* Frameworks */ = {
			isa = PBXFrameworksBuildPhase;
			buildActionMask = 2147483647;
			files = (
			);
			runOnlyForDeploymentPostprocessing = 0;
		};
		D7EA78C229F2419900C9E293 /* Frameworks */ = {
			isa = PBXFrameworksBuildPhase;
			buildActionMask = 2147483647;
			files = (
			);
			runOnlyForDeploymentPostprocessing = 0;
		};
		D7EA78CD29F2419900C9E293 /* Frameworks */ = {
			isa = PBXFrameworksBuildPhase;
			buildActionMask = 2147483647;
			files = (
			);
			runOnlyForDeploymentPostprocessing = 0;
		};
/* End PBXFrameworksBuildPhase section */

/* Begin PBXGroup section */
		D7EA78AB29F2419700C9E293 = {
			isa = PBXGroup;
			children = (
				D7EA78B629F2419700C9E293 /* GitHubDemo */,
				D7EA78C829F2419900C9E293 /* GitHubDemoTests */,
				D7EA78D329F2419900C9E293 /* GitHubDemoUITests */,
				D7EA78B529F2419700C9E293 /* Products */,
			);
			sourceTree = "<group>";
		};
		D7EA78B529F2419700C9E293 /* Products */ = {
			isa = PBXGroup;
			children = (
				D7EA78B429F2419700C9E293 /* GitHubDemo.app */,
				D7EA78C529F2419900C9E293 /* GitHubDemoTests.xctest */,
				D7EA78D029F2419900C9E293 /* GitHubDemoUITests.xctest */,
			);
			name = Products;
			sourceTree = "<group>";
		};
		D7EA78B629F2419700C9E293 /* GitHubDemo */ = {
			isa = PBXGroup;
			children = (
				D7EA78B729F2419700C9E293 /* GitHubDemoApp.swift */,
				D7EA78B929F2419700C9E293 /* MainViewswift */,
				D7EA78E529F2492D00C9E293 /* SecondView.swift */,
				D7EA78BB29F2419900C9E293 /* Assets.xcassets */,
				D7EA78C029F2419900C9E293 /* Info.plist */,
				D7EA78BD29F2419900C9E293 /* Preview Content */,
			);
			path = GitHubDemo;
			sourceTree = "<group>";
		};
		D7EA78BD29F2419900C9E293 /* Preview Content */ = {
			isa = PBXGroup;
			children = (
				D7EA78BE29F2419900C9E293 /* Preview Assets.xcassets */,
			);
			path = "Preview Content";
			sourceTree = "<group>";
		};
		D7EA78C829F2419900C9E293 /* GitHubDemoTests */ = {
			isa = PBXGroup;
			children = (
				D7EA78C929F2419900C9E293 /* GitHubDemoTests.swift */,
				D7EA78CB29F2419900C9E293 /* Info.plist */,
			);
			path = GitHubDemoTests;
			sourceTree = "<group>";
		};
		D7EA78D329F2419900C9E293 /* GitHubDemoUITests */ = {
			isa = PBXGroup;
			children = (
				D7EA78D429F2419900C9E293 /* GitHubDemoUITests.swift */,
				D7EA78D629F2419900C9E293 /* Info.plist */,
			);
			path = GitHubDemoUITests;
			sourceTree = "<group>";
		};
/* End PBXGroup section */

/* Begin PBXNativeTarget section */
		D7EA78B329F2419700C9E293 /* GitHubDemo */ = {
			isa = PBXNativeTarget;
			buildConfigurationList = D7EA78D929F2419900C9E293 /* Build configuration list for PBXNativeTarget "GitHubDemo" */;
			buildPhases = (
				D7EA78B029F2419700C9E293 /* Sources */,
				D7EA78B129F2419700C9E293 /* Frameworks */,
				D7EA78B229F2419700C9E293 /* Resources */,
			);
			buildRules = (
			);
			dependencies = (
			);
			name = GitHubDemo;
			productName = GitHubDemo;
			productReference = D7EA78B429F2419700C9E293 /* GitHubDemo.app */;
			productType = "com.apple.product-type.application";
		};
		D7EA78C429F2419900C9E293 /* GitHubDemoTests */ = {
			isa = PBXNativeTarget;
			buildConfigurationList = D7EA78DC29F2419900C9E293 /* Build configuration list for PBXNativeTarget "GitHubDemoTests" */;
			buildPhases = (
				D7EA78C129F2419900C9E293 /* Sources */,
				D7EA78C229F2419900C9E293 /* Frameworks */,
				D7EA78C329F2419900C9E293 /* Resources */,
			);
			buildRules = (
			);
			dependencies = (
				D7EA78C729F2419900C9E293 /* PBXTargetDependency */,
			);
			name = GitHubDemoTests;
			productName = GitHubDemoTests;
			productReference = D7EA78C529F2419900C9E293 /* GitHubDemoTests.xctest */;
			productType = "com.apple.product-type.bundle.unit-test";
		};
		D7EA78CF29F2419900C9E293 /* GitHubDemoUITests */ = {
			isa = PBXNativeTarget;
			buildConfigurationList = D7EA78DF29F2419900C9E293 /* Build configuration list for PBXNativeTarget "GitHubDemoUITests" */;
			buildPhases = (
				D7EA78CC29F2419900C9E293 /* Sources */,
				D7EA78CD29F2419900C9E293 /* Frameworks */,
				D7EA78CE29F2419900C9E293 /* Resources */,
			);
			buildRules = (
			);
			dependencies = (
				D7EA78D229F2419900C9E293 /* PBXTargetDependency */,
			);
			name = GitHubDemoUITests;
			productName = GitHubDemoUITests;
			productReference = D7EA78D029F2419900C9E293 /* GitHubDemoUITests.xctest */;
			productType = "com.apple.product-type.bundle.ui-testing";
		};
/* End PBXNativeTarget section */

/* Begin PBXProject section */
		D7EA78AC29F2419700C9E293 /* Project object */ = {
			isa = PBXProject;
			attributes = {
				LastSwiftUpdateCheck = 1230;
				LastUpgradeCheck = 1230;
				TargetAttributes = {
					D7EA78B329F2419700C9E293 = {
						CreatedOnToolsVersion = 12.3;
					};
					D7EA78C429F2419900C9E293 = {
						CreatedOnToolsVersion = 12.3;
						TestTargetID = D7EA78B329F2419700C9E293;
					};
					D7EA78CF29F2419900C9E293 = {
						CreatedOnToolsVersion = 12.3;
						TestTargetID = D7EA78B329F2419700C9E293;
					};
				};
			};
			buildConfigurationList = D7EA78AF29F2419700C9E293 /* Build configuration list for PBXProject "GitHubDemo" */;
			compatibilityVersion = "Xcode 9.3";
			developmentRegion = en;
			hasScannedForEncodings = 0;
			knownRegions = (
				en,
				Base,
			);
			mainGroup = D7EA78AB29F2419700C9E293;
			productRefGroup = D7EA78B529F2419700C9E293 /* Products */;
			projectDirPath = "";
			projectRoot = "";
			targets = (
				D7EA78B329F2419700C9E293 /* GitHubDemo */,
				D7EA78C429F2419900C9E293 /* GitHubDemoTests */,
				D7EA78CF29F2419900C9E293 /* GitHubDemoUITests */,
			);
		};
/* End PBXProject section */

/* Begin PBXResourcesBuildPhase section */
		D7EA78B229F2419700C9E293 /* Resources */ = {
			isa = PBXResourcesBuildPhase;
			buildActionMask = 2147483647;
			files = (
				D7EA78BF29F2419900C9E293 /* Preview Assets.xcassets in Resources */,
				D7EA78BC29F2419900C9E293 /* Assets.xcassets in Resources */,
			);
			runOnlyForDeploymentPostprocessing = 0;
		};
		D7EA78C329F2419900C9E293 /* Resources */ = {
			isa = PBXResourcesBuildPhase;
			buildActionMask = 2147483647;
			files = (
			);
			runOnlyForDeploymentPostprocessing = 0;
		};
		D7EA78CE29F2419900C9E293 /* Resources */ = {
			isa = PBXResourcesBuildPhase;
			buildActionMask = 2147483647;
			files = (
			);
			runOnlyForDeploymentPostprocessing = 0;
		};
/* End PBXResourcesBuildPhase section */

/* Begin PBXSourcesBuildPhase section */
		D7EA78B029F2419700C9E293 /* Sources */ = {
			isa = PBXSourcesBuildPhase;
			buildActionMask = 2147483647;
			files = (
				D7EA78E629F2492D00C9E293 /* SecondView.swift in Sources */,
				D7EA78BA29F2419700C9E293 /* MainViewswift in Sources */,
				D7EA78B829F2419700C9E293 /* GitHubDemoApp.swift in Sources */,
			);
			runOnlyForDeploymentPostprocessing = 0;
		};
		D7EA78C129F2419900C9E293 /* Sources */ = {
			isa = PBXSourcesBuildPhase;
			buildActionMask = 2147483647;
			files = (
				D7EA78CA29F2419900C9E293 /* GitHubDemoTests.swift in Sources */,
			);
			runOnlyForDeploymentPostprocessing = 0;
		};
		D7EA78CC29F2419900C9E293 /* Sources */ = {
			isa = PBXSourcesBuildPhase;
			buildActionMask = 2147483647;
			files = (
				D7EA78D529F2419900C9E293 /* GitHubDemoUITests.swift in Sources */,
			);
			runOnlyForDeploymentPostprocessing = 0;
		};
/* End PBXSourcesBuildPhase section */

/* Begin PBXTargetDependency section */
		D7EA78C729F2419900C9E293 /* PBXTargetDependency */ = {
			isa = PBXTargetDependency;
			target = D7EA78B329F2419700C9E293 /* GitHubDemo */;
			targetProxy = D7EA78C629F2419900C9E293 /* PBXContainerItemProxy */;
		};
		D7EA78D229F2419900C9E293 /* PBXTargetDependency */ = {
			isa = PBXTargetDependency;
			target = D7EA78B329F2419700C9E293 /* GitHubDemo */;
			targetProxy = D7EA78D129F2419900C9E293 /* PBXContainerItemProxy */;
		};
/* End PBXTargetDependency section */

/* Begin XCBuildConfiguration section */
		D7EA78D729F2419900C9E293 /* Debug */ = {
			isa = XCBuildConfiguration;
			buildSettings = {
				ALWAYS_SEARCH_USER_PATHS = NO;
				CLANG_ANALYZER_NONNULL = YES;
				CLANG_ANALYZER_NUMBER_OBJECT_CONVERSION = YES_AGGRESSIVE;
				CLANG_CXX_LANGUAGE_STANDARD = "gnu++14";
				CLANG_CXX_LIBRARY = "libc++";
				CLANG_ENABLE_MODULES = YES;
				CLANG_ENABLE_OBJC_ARC = YES;
				CLANG_ENABLE_OBJC_WEAK = YES;
				CLANG_WARN_BLOCK_CAPTURE_AUTORELEASING = YES;
				CLANG_WARN_BOOL_CONVERSION = YES;
				CLANG_WARN_COMMA = YES;
				CLANG_WARN_CONSTANT_CONVERSION = YES;
				CLANG_WARN_DEPRECATED_OBJC_IMPLEMENTATIONS = YES;
				CLANG_WARN_DIRECT_OBJC_ISA_USAGE = YES_ERROR;
				CLANG_WARN_DOCUMENTATION_COMMENTS = YES;
				CLANG_WARN_EMPTY_BODY = YES;
				CLANG_WARN_ENUM_CONVERSION = YES;
				CLANG_WARN_INFINITE_RECURSION = YES;
				CLANG_WARN_INT_CONVERSION = YES;
				CLANG_WARN_NON_LITERAL_NULL_CONVERSION = YES;
				CLANG_WARN_OBJC_IMPLICIT_RETAIN_SELF = YES;
				CLANG_WARN_OBJC_LITERAL_CONVERSION = YES;
				CLANG_WARN_OBJC_ROOT_CLASS = YES_ERROR;
				CLANG_WARN_QUOTED_INCLUDE_IN_FRAMEWORK_HEADER = YES;
				CLANG_WARN_RANGE_LOOP_ANALYSIS = YES;
				CLANG_WARN_STRICT_PROTOTYPES = YES;
				CLANG_WARN_SUSPICIOUS_MOVE = YES;
				CLANG_WARN_UNGUARDED_AVAILABILITY = YES_AGGRESSIVE;
				CLANG_WARN_UNREACHABLE_CODE = YES;
				CLANG_WARN__DUPLICATE_METHOD_MATCH = YES;
				COPY_PHASE_STRIP = NO;
				DEBUG_INFORMATION_FORMAT = dwarf;
				ENABLE_STRICT_OBJC_MSGSEND = YES;
				ENABLE_TESTABILITY = YES;
				GCC_C_LANGUAGE_STANDARD = gnu11;
				GCC_DYNAMIC_NO_PIC = NO;
				GCC_NO_COMMON_BLOCKS = YES;
				GCC_OPTIMIZATION_LEVEL = 0;
				GCC_PREPROCESSOR_DEFINITIONS = (
					"DEBUG=1",
					"$(inherited)",
				);
				GCC_WARN_64_TO_32_BIT_CONVERSION = YES;
				GCC_WARN_ABOUT_RETURN_TYPE = YES_ERROR;
				GCC_WARN_UNDECLARED_SELECTOR = YES;
				GCC_WARN_UNINITIALIZED_AUTOS = YES_AGGRESSIVE;
				GCC_WARN_UNUSED_FUNCTION = YES;
				GCC_WARN_UNUSED_VARIABLE = YES;
				IPHONEOS_DEPLOYMENT_TARGET = 14.3;
				MTL_ENABLE_DEBUG_INFO = INCLUDE_SOURCE;
				MTL_FAST_MATH = YES;
				ONLY_ACTIVE_ARCH = YES;
				SDKROOT = iphoneos;
				SWIFT_ACTIVE_COMPILATION_CONDITIONS = DEBUG;
				SWIFT_OPTIMIZATION_LEVEL = "-Onone";
			};
			name = Debug;
		};
		D7EA78D829F2419900C9E293 /* Release */ = {
			isa = XCBuildConfiguration;
			buildSettings = {
				ALWAYS_SEARCH_USER_PATHS = NO;
				CLANG_ANALYZER_NONNULL = YES;
				CLANG_ANALYZER_NUMBER_OBJECT_CONVERSION = YES_AGGRESSIVE;
				CLANG_CXX_LANGUAGE_STANDARD = "gnu++14";
				CLANG_CXX_LIBRARY = "libc++";
				CLANG_ENABLE_MODULES = YES;
				CLANG_ENABLE_OBJC_ARC = YES;
				CLANG_ENABLE_OBJC_WEAK = YES;
				CLANG_WARN_BLOCK_CAPTURE_AUTORELEASING = YES;
				CLANG_WARN_BOOL_CONVERSION = YES;
				CLANG_WARN_COMMA = YES;
				CLANG_WARN_CONSTANT_CONVERSION = YES;
				CLANG_WARN_DEPRECATED_OBJC_IMPLEMENTATIONS = YES;
				CLANG_WARN_DIRECT_OBJC_ISA_USAGE = YES_ERROR;
				CLANG_WARN_DOCUMENTATION_COMMENTS = YES;
				CLANG_WARN_EMPTY_BODY = YES;
				CLANG_WARN_ENUM_CONVERSION = YES;
				CLANG_WARN_INFINITE_RECURSION = YES;
				CLANG_WARN_INT_CONVERSION = YES;
				CLANG_WARN_NON_LITERAL_NULL_CONVERSION = YES;
				CLANG_WARN_OBJC_IMPLICIT_RETAIN_SELF = YES;
				CLANG_WARN_OBJC_LITERAL_CONVERSION = YES;
				CLANG_WARN_OBJC_ROOT_CLASS = YES_ERROR;
				CLANG_WARN_QUOTED_INCLUDE_IN_FRAMEWORK_HEADER = YES;
				CLANG_WARN_RANGE_LOOP_ANALYSIS = YES;
				CLANG_WARN_STRICT_PROTOTYPES = YES;
				CLANG_WARN_SUSPICIOUS_MOVE = YES;
				CLANG_WARN_UNGUARDED_AVAILABILITY = YES_AGGRESSIVE;
				CLANG_WARN_UNREACHABLE_CODE = YES;
				CLANG_WARN__DUPLICATE_METHOD_MATCH = YES;
				COPY_PHASE_STRIP = NO;
				DEBUG_INFORMATION_FORMAT = "dwarf-with-dsym";
				ENABLE_NS_ASSERTIONS = NO;
				ENABLE_STRICT_OBJC_MSGSEND = YES;
				GCC_C_LANGUAGE_STANDARD = gnu11;
				GCC_NO_COMMON_BLOCKS = YES;
				GCC_WARN_64_TO_32_BIT_CONVERSION = YES;
				GCC_WARN_ABOUT_RETURN_TYPE = YES_ERROR;
				GCC_WARN_UNDECLARED_SELECTOR = YES;
				GCC_WARN_UNINITIALIZED_AUTOS = YES_AGGRESSIVE;
				GCC_WARN_UNUSED_FUNCTION = YES;
				GCC_WARN_UNUSED_VARIABLE = YES;
				IPHONEOS_DEPLOYMENT_TARGET = 14.3;
				MTL_ENABLE_DEBUG_INFO = NO;
				MTL_FAST_MATH = YES;
				SDKROOT = iphoneos;
				SWIFT_COMPILATION_MODE = wholemodule;
				SWIFT_OPTIMIZATION_LEVEL = "-O";
				VALIDATE_PRODUCT = YES;
			};
			name = Release;
		};
		D7EA78DA29F2419900C9E293 /* Debug */ = {
			isa = XCBuildConfiguration;
			buildSettings = {
				ASSETCATALOG_COMPILER_APPICON_NAME = AppIcon;
				ASSETCATALOG_COMPILER_GLOBAL_ACCENT_COLOR_NAME = AccentColor;
				CODE_SIGN_STYLE = Automatic;
				DEVELOPMENT_ASSET_PATHS = "\"GitHubDemo/Preview Content\"";
				DEVELOPMENT_TEAM = G229TH2KPX;
				ENABLE_PREVIEWS = YES;
				INFOPLIST_FILE = GitHubDemo/Info.plist;
				IPHONEOS_DEPLOYMENT_TARGET = 14.0;
				LD_RUNPATH_SEARCH_PATHS = (
					"$(inherited)",
					"@executable_path/Frameworks",
				);
				PRODUCT_BUNDLE_IDENTIFIER = "program-10.GitHubDemo";
				PRODUCT_NAME = "$(TARGET_NAME)";
				SWIFT_VERSION = 5.0;
				TARGETED_DEVICE_FAMILY = "1,2";
			};
			name = Debug;
		};
		D7EA78DB29F2419900C9E293 /* Release */ = {
			isa = XCBuildConfiguration;
			buildSettings = {
				ASSETCATALOG_COMPILER_APPICON_NAME = AppIcon;
				ASSETCATALOG_COMPILER_GLOBAL_ACCENT_COLOR_NAME = AccentColor;
				CODE_SIGN_STYLE = Automatic;
				DEVELOPMENT_ASSET_PATHS = "\"GitHubDemo/Preview Content\"";
				DEVELOPMENT_TEAM = G229TH2KPX;
				ENABLE_PREVIEWS = YES;
				INFOPLIST_FILE = GitHubDemo/Info.plist;
				IPHONEOS_DEPLOYMENT_TARGET = 14.0;
				LD_RUNPATH_SEARCH_PATHS = (
					"$(inherited)",
					"@executable_path/Frameworks",
				);
				PRODUCT_BUNDLE_IDENTIFIER = "program-10.GitHubDemo";
				PRODUCT_NAME = "$(TARGET_NAME)";
				SWIFT_VERSION = 5.0;
				TARGETED_DEVICE_FAMILY = "1,2";
			};
			name = Release;
		};
		D7EA78DD29F2419900C9E293 /* Debug */ = {
			isa = XCBuildConfiguration;
			buildSettings = {
				ALWAYS_EMBED_SWIFT_STANDARD_LIBRARIES = YES;
				BUNDLE_LOADER = "$(TEST_HOST)";
				CODE_SIGN_STYLE = Automatic;
				DEVELOPMENT_TEAM = G229TH2KPX;
				INFOPLIST_FILE = GitHubDemoTests/Info.plist;
				IPHONEOS_DEPLOYMENT_TARGET = 14.0;
				LD_RUNPATH_SEARCH_PATHS = (
					"$(inherited)",
					"@executable_path/Frameworks",
					"@loader_path/Frameworks",
				);
				PRODUCT_BUNDLE_IDENTIFIER = "program-10.GitHubDemoTests";
				PRODUCT_NAME = "$(TARGET_NAME)";
				SWIFT_VERSION = 5.0;
				TARGETED_DEVICE_FAMILY = "1,2";
				TEST_HOST = "$(BUILT_PRODUCTS_DIR)/GitHubDemo.app/GitHubDemo";
			};
			name = Debug;
		};
		D7EA78DE29F2419900C9E293 /* Release */ = {
			isa = XCBuildConfiguration;
			buildSettings = {
				ALWAYS_EMBED_SWIFT_STANDARD_LIBRARIES = YES;
				BUNDLE_LOADER = "$(TEST_HOST)";
				CODE_SIGN_STYLE = Automatic;
				DEVELOPMENT_TEAM = G229TH2KPX;
				INFOPLIST_FILE = GitHubDemoTests/Info.plist;
				IPHONEOS_DEPLOYMENT_TARGET = 14.0;
				LD_RUNPATH_SEARCH_PATHS = (
					"$(inherited)",
					"@executable_path/Frameworks",
					"@loader_path/Frameworks",
				);
				PRODUCT_BUNDLE_IDENTIFIER = "program-10.GitHubDemoTests";
				PRODUCT_NAME = "$(TARGET_NAME)";
				SWIFT_VERSION = 5.0;
				TARGETED_DEVICE_FAMILY = "1,2";
				TEST_HOST = "$(BUILT_PRODUCTS_DIR)/GitHubDemo.app/GitHubDemo";
			};
			name = Release;
		};
		D7EA78E029F2419900C9E293 /* Debug */ = {
			isa = XCBuildConfiguration;
			buildSettings = {
				ALWAYS_EMBED_SWIFT_STANDARD_LIBRARIES = YES;
				CODE_SIGN_STYLE = Automatic;
				DEVELOPMENT_TEAM = G229TH2KPX;
				INFOPLIST_FILE = GitHubDemoUITests/Info.plist;
				LD_RUNPATH_SEARCH_PATHS = (
					"$(inherited)",
					"@executable_path/Frameworks",
					"@loader_path/Frameworks",
				);
				PRODUCT_BUNDLE_IDENTIFIER = "program-10.GitHubDemoUITests";
				PRODUCT_NAME = "$(TARGET_NAME)";
				SWIFT_VERSION = 5.0;
				TARGETED_DEVICE_FAMILY = "1,2";
				TEST_TARGET_NAME = GitHubDemo;
			};
			name = Debug;
		};
		D7EA78E129F2419900C9E293 /* Release */ = {
			isa = XCBuildConfiguration;
			buildSettings = {
				ALWAYS_EMBED_SWIFT_STANDARD_LIBRARIES = YES;
				CODE_SIGN_STYLE = Automatic;
				DEVELOPMENT_TEAM = G229TH2KPX;
				INFOPLIST_FILE = GitHubDemoUITests/Info.plist;
				LD_RUNPATH_SEARCH_PATHS = (
					"$(inherited)",
					"@executable_path/Frameworks",
					"@loader_path/Frameworks",
				);
				PRODUCT_BUNDLE_IDENTIFIER = "program-10.GitHubDemoUITests";
				PRODUCT_NAME = "$(TARGET_NAME)";
				SWIFT_VERSION = 5.0;
				TARGETED_DEVICE_FAMILY = "1,2";
				TEST_TARGET_NAME = GitHubDemo;
			};
			name = Release;
		};
/* End XCBuildConfiguration section */

/* Begin XCConfigurationList section */
		D7EA78AF29F2419700C9E293 /* Build configuration list for PBXProject "GitHubDemo" */ = {
			isa = XCConfigurationList;
			buildConfigurations = (
				D7EA78D729F2419900C9E293 /* Debug */,
				D7EA78D829F2419900C9E293 /* Release */,
			);
			defaultConfigurationIsVisible = 0;
			defaultConfigurationName = Release;
		};
		D7EA78D929F2419900C9E293 /* Build configuration list for PBXNativeTarget "GitHubDemo" */ = {
			isa = XCConfigurationList;
			buildConfigurations = (
				D7EA78DA29F2419900C9E293 /* Debug */,
				D7EA78DB29F2419900C9E293 /* Release */,
			);
			defaultConfigurationIsVisible = 0;
			defaultConfigurationName = Release;
		};
		D7EA78DC29F2419900C9E293 /* Build configuration list for PBXNativeTarget "GitHubDemoTests" */ = {
			isa = XCConfigurationList;
			buildConfigurations = (
				D7EA78DD29F2419900C9E293 /* Debug */,
				D7EA78DE29F2419900C9E293 /* Release */,
			);
			defaultConfigurationIsVisible = 0;
			defaultConfigurationName = Release;
		};
		D7EA78DF29F2419900C9E293 /* Build configuration list for PBXNativeTarget "GitHubDemoUITests" */ = {
			isa = XCConfigurationList;
			buildConfigurations = (
				D7EA78E029F2419900C9E293 /* Debug */,
				D7EA78E129F2419900C9E293 /* Release */,
			);
			defaultConfigurationIsVisible = 0;
			defaultConfigurationName = Release;
		};
/* End XCConfigurationList section */
	};
	rootObject = D7EA78AC29F2419700C9E293 /* Project object */;
}
